
Microsoft Visual Studio Solution File, Format Version 12.00
# Visual Studio Version 17
VisualStudioVersion = 17.14.36327.8 d17.14
MinimumVisualStudioVersion = 10.0.40219.1
Project("{FAE04EC0-301F-11D3-BF4B-00C04F79EFBC}") = "TCG-Manager", "TCG-Manager\TCG-Manager.csproj", "{EE3FCD76-6C98-43F8-94BC-3496D640F022}"
EndProject
Global
	GlobalSection(SolutionConfigurationPlatforms) = preSolution
		Debug|Any CPU = Debug|Any CPU
		Release|Any CPU = Release|Any CPU
	EndGlobalSection
	GlobalSection(ProjectConfigurationPlatforms) = postSolution
		{EE3FCD76-6C98-43F8-94BC-3496D640F022}.Debug|Any CPU.ActiveCfg = Debug|Any CPU
		{EE3FCD76-6C98-43F8-94BC-3496D640F022}.Debug|Any CPU.Build.0 = Debug|Any CPU
		{EE3FCD76-6C98-43F8-94BC-3496D640F022}.Release|Any CPU.ActiveCfg = Release|Any CPU
		{EE3FCD76-6C98-43F8-94BC-3496D640F022}.Release|Any CPU.Build.0 = Release|Any CPU
	EndGlobalSection
	GlobalSection(SolutionProperties) = preSolution
		HideSolutionNode = FALSE
	EndGlobalSection
	GlobalSection(ExtensibilityGlobals) = postSolution
		SolutionGuid = {F94ACDBE-BC46-481E-B327-79D411B6E0F7}
	EndGlobalSection
EndGlobal
